// !$*UTF8*$!
{
	archiveVersion = 1;
	classes = {
	};
	objectVersion = 46;
	objects = {

/* Begin PBXBuildFile section */
		9BF4C8261D88289D004BD957 /* AppDelegate.swift in Sources */ = {isa = PBXBuildFile; fileRef = 9BF4C8251D88289D004BD957 /* AppDelegate.swift */; };
		9BF4C8281D88289D004BD957 /* ViewController.swift in Sources */ = {isa = PBXBuildFile; fileRef = 9BF4C8271D88289D004BD957 /* ViewController.swift */; };
		9BF4C82B1D88289D004BD957 /* Main.storyboard in Resources */ = {isa = PBXBuildFile; fileRef = 9BF4C8291D88289D004BD957 /* Main.storyboard */; };
		9BF4C82D1D88289D004BD957 /* Assets.xcassets in Resources */ = {isa = PBXBuildFile; fileRef = 9BF4C82C1D88289D004BD957 /* Assets.xcassets */; };
		9BF4C8301D88289D004BD957 /* LaunchScreen.storyboard in Resources */ = {isa = PBXBuildFile; fileRef = 9BF4C82E1D88289D004BD957 /* LaunchScreen.storyboard */; };
/* End PBXBuildFile section */

/* Begin PBXFileReference section */
		9BF4C8221D88289D004BD957 /* facebook_api.app */ = {isa = PBXFileReference; explicitFileType = wrapper.application; includeInIndex = 0; path = facebook_api.app; sourceTree = BUILT_PRODUCTS_DIR; };
		9BF4C8251D88289D004BD957 /* AppDelegate.swift */ = {isa = PBXFileReference; lastKnownFileType = sourcecode.swift; path = AppDelegate.swift; sourceTree = "<group>"; };
		9BF4C8271D88289D004BD957 /* ViewController.swift */ = {isa = PBXFileReference; lastKnownFileType = sourcecode.swift; path = ViewController.swift; sourceTree = "<group>"; };
		9BF4C82A1D88289D004BD957 /* Base */ = {isa = PBXFileReference; lastKnownFileType = file.storyboard; name = Base; path = Base.lproj/Main.storyboard; sourceTree = "<group>"; };
		9BF4C82C1D88289D004BD957 /* Assets.xcassets */ = {isa = PBXFileReference; lastKnownFileType = folder.assetcatalog; path = Assets.xcassets; sourceTree = "<group>"; };
		9BF4C82F1D88289D004BD957 /* Base */ = {isa = PBXFileReference; lastKnownFileType = file.storyboard; name = Base; path = Base.lproj/LaunchScreen.storyboard; sourceTree = "<group>"; };
		9BF4C8311D88289D004BD957 /* Info.plist */ = {isa = PBXFileReference; lastKnownFileType = text.plist.xml; path = Info.plist; sourceTree = "<group>"; };
/* End PBXFileReference section */

/* Begin PBXFrameworksBuildPhase section */
		9BF4C81F1D88289D004BD957 /* Frameworks */ = {
			isa = PBXFrameworksBuildPhase;
			buildActionMask = 2147483647;
			files = (
			);
			runOnlyForDeploymentPostprocessing = 0;
		};
/* End PBXFrameworksBuildPhase section */

/* Begin PBXGroup section */
		9BF4C8191D88289D004BD957 = {
			isa = PBXGroup;
			children = (
				9BF4C8241D88289D004BD957 /* facebook_api */,
				9BF4C8231D88289D004BD957 /* Products */,
			);
			sourceTree = "<group>";
		};
		9BF4C8231D88289D004BD957 /* Products */ = {
			isa = PBXGroup;
			children = (
				9BF4C8221D88289D004BD957 /* facebook_api.app */,
			);
			name = Products;
			sourceTree = "<group>";
		};
		9BF4C8241D88289D004BD957 /* facebook_api */ = {
			isa = PBXGroup;
			children = (
				9BF4C8251D88289D004BD957 /* AppDelegate.swift */,
				9BF4C8271D88289D004BD957 /* ViewController.swift */,
				9BF4C8291D88289D004BD957 /* Main.storyboard */,
				9BF4C82C1D88289D004BD957 /* Assets.xcassets */,
				9BF4C82E1D88289D004BD957 /* LaunchScreen.storyboard */,
				9BF4C8311D88289D004BD957 /* Info.plist */,
			);
			path = facebook_api;
			sourceTree = "<group>";
		};
/* End PBXGroup section */

/* Begin PBXNativeTarget section */
		9BF4C8211D88289D004BD957 /* facebook_api */ = {
			isa = PBXNativeTarget;
			buildConfigurationList = 9BF4C8341D88289D004BD957 /* Build configuration list for PBXNativeTarget "facebook_api" */;
			buildPhases = (
				9BF4C81E1D88289D004BD957 /* Sources */,
				9BF4C81F1D88289D004BD957 /* Frameworks */,
				9BF4C8201D88289D004BD957 /* Resources */,
			);
			buildRules = (
			);
			dependencies = (
			);
			name = facebook_api;
			productName = facebook_api;
			productReference = 9BF4C8221D88289D004BD957 /* facebook_api.app */;
			productType = "com.apple.product-type.application";
		};
/* End PBXNativeTarget section */

/* Begin PBXProject section */
		9BF4C81A1D88289D004BD957 /* Project object */ = {
			isa = PBXProject;
			attributes = {
				LastSwiftUpdateCheck = 0730;
				LastUpgradeCheck = 0730;
				ORGANIZATIONNAME = Sunny;
				TargetAttributes = {
					9BF4C8211D88289D004BD957 = {
						CreatedOnToolsVersion = 7.3.1;
						DevelopmentTeam = VJGEDW5SA9;
					};
				};
			};
			buildConfigurationList = 9BF4C81D1D88289D004BD957 /* Build configuration list for PBXProject "facebook_api" */;
			compatibilityVersion = "Xcode 3.2";
			developmentRegion = English;
			hasScannedForEncodings = 0;
			knownRegions = (
				en,
				Base,
			);
			mainGroup = 9BF4C8191D88289D004BD957;
			productRefGroup = 9BF4C8231D88289D004BD957 /* Products */;
			projectDirPath = "";
			projectRoot = "";
			targets = (
				9BF4C8211D88289D004BD957 /* facebook_api */,
			);
		};
/* End PBXProject section */

/* Begin PBXResourcesBuildPhase section */
		9BF4C8201D88289D004BD957 /* Resources */ = {
			isa = PBXResourcesBuildPhase;
			buildActionMask = 2147483647;
			files = (
				9BF4C8301D88289D004BD957 /* LaunchScreen.storyboard in Resources */,
				9BF4C82D1D88289D004BD957 /* Assets.xcassets in Resources */,
				9BF4C82B1D88289D004BD957 /* Main.storyboard in Resources */,
			);
			runOnlyForDeploymentPostprocessing = 0;
		};
/* End PBXResourcesBuildPhase section */

/* Begin PBXSourcesBuildPhase section */
		9BF4C81E1D88289D004BD957 /* Sources */ = {
			isa = PBXSourcesBuildPhase;
			buildActionMask = 2147483647;
			files = (
				9BF4C8281D88289D004BD957 /* ViewController.swift in Sources */,
				9BF4C8261D88289D004BD957 /* AppDelegate.swift in Sources */,
			);
			runOnlyForDeploymentPostprocessing = 0;
		};
/* End PBXSourcesBuildPhase section */

/* Begin PBXVariantGroup section */
		9BF4C8291D88289D004BD957 /* Main.storyboard */ = {
			isa = PBXVariantGroup;
			children = (
				9BF4C82A1D88289D004BD957 /* Base */,
			);
			name = Main.storyboard;
			sourceTree = "<group>";
		};
		9BF4C82E1D88289D004BD957 /* LaunchScreen.storyboard */ = {
			isa = PBXVariantGroup;
			children = (
				9BF4C82F1D88289D004BD957 /* Base */,
			);
			name = LaunchScreen.storyboard;
			sourceTree = "<group>";
		};
/* End PBXVariantGroup section */

/* Begin XCBuildConfiguration section */
		9BF4C8321D88289D004BD957 /* Debug */ = {
			isa = XCBuildConfiguration;
			buildSettings = {
				ALWAYS_SEARCH_USER_PATHS = NO;
				CLANG_ANALYZER_NONNULL = YES;
				CLANG_CXX_LANGUAGE_STANDARD = "gnu++0x";
				CLANG_CXX_LIBRARY = "libc++";
				CLANG_ENABLE_MODULES = YES;
				CLANG_ENABLE_OBJC_ARC = YES;
				CLANG_WARN_BOOL_CONVERSION = YES;
				CLANG_WARN_CONSTANT_CONVERSION = YES;
				CLANG_WARN_DIRECT_OBJC_ISA_USAGE = YES_ERROR;
				CLANG_WARN_EMPTY_BODY = YES;
				CLANG_WARN_ENUM_CONVERSION = YES;
				CLANG_WARN_INT_CONVERSION = YES;
				CLANG_WARN_OBJC_ROOT_CLASS = YES_ERROR;
				CLANG_WARN_UNREACHABLE_CODE = YES;
				CLANG_WARN__DUPLICATE_METHOD_MATCH = YES;
				"CODE_SIGN_IDENTITY[sdk=iphoneos*]" = "iPhone Developer";
				COPY_PHASE_STRIP = NO;
				DEBUG_INFORMATION_FORMAT = dwarf;
				ENABLE_STRICT_OBJC_MSGSEND = YES;
				ENABLE_TESTABILITY = YES;
				GCC_C_LANGUAGE_STANDARD = gnu99;
				GCC_DYNAMIC_NO_PIC = NO;
				GCC_NO_COMMON_BLOCKS = YES;
				GCC_OPTIMIZATION_LEVEL = 0;
				GCC_PREPROCESSOR_DEFINITIONS = (
					"DEBUG=1",
					"$(inherited)",
				);
				GCC_WARN_64_TO_32_BIT_CONVERSION = YES;
				GCC_WARN_ABOUT_RETURN_TYPE = YES_ERROR;
				GCC_WARN_UNDECLARED_SELECTOR = YES;
				GCC_WARN_UNINITIALIZED_AUTOS = YES_AGGRESSIVE;
				GCC_WARN_UNUSED_FUNCTION = YES;
				GCC_WARN_UNUSED_VARIABLE = YES;
				IPHONEOS_DEPLOYMENT_TARGET = 9.3;
				MTL_ENABLE_DEBUG_INFO = YES;
				ONLY_ACTIVE_ARCH = YES;
				SDKROOT = iphoneos;
				SWIFT_OPTIMIZATION_LEVEL = "-Onone";
			};
			name = Debug;
		};
		9BF4C8331D88289D004BD957 /* Release */ = {
			isa = XCBuildConfiguration;
			buildSettings = {
				ALWAYS_SEARCH_USER_PATHS = NO;
				CLANG_ANALYZER_NONNULL = YES;
				CLANG_CXX_LANGUAGE_STANDARD = "gnu++0x";
				CLANG_CXX_LIBRARY = "libc++";
				CLANG_ENABLE_MODULES = YES;
				CLANG_ENABLE_OBJC_ARC = YES;
				CLANG_WARN_BOOL_CONVERSION = YES;
				CLANG_WARN_CONSTANT_CONVERSION = YES;
				CLANG_WARN_DIRECT_OBJC_ISA_USAGE = YES_ERROR;
				CLANG_WARN_EMPTY_BODY = YES;
				CLANG_WARN_ENUM_CONVERSION = YES;
				CLANG_WARN_INT_CONVERSION = YES;
				CLANG_WARN_OBJC_ROOT_CLASS = YES_ERROR;
				CLANG_WARN_UNREACHABLE_CODE = YES;
				CLANG_WARN__DUPLICATE_METHOD_MATCH = YES;
				"CODE_SIGN_IDENTITY[sdk=iphoneos*]" = "iPhone Developer";
				COPY_PHASE_STRIP = NO;
				DEBUG_INFORMATION_FORMAT = "dwarf-with-dsym";
				ENABLE_NS_ASSERTIONS = NO;
				ENABLE_STRICT_OBJC_MSGSEND = YES;
				GCC_C_LANGUAGE_STANDARD = gnu99;
				GCC_NO_COMMON_BLOCKS = YES;
				GCC_WARN_64_TO_32_BIT_CONVERSION = YES;
				GCC_WARN_ABOUT_RETURN_TYPE = YES_ERROR;
				GCC_WARN_UNDECLARED_SELECTOR = YES;
				GCC_WARN_UNINITIALIZED_AUTOS = YES_AGGRESSIVE;
				GCC_WARN_UNUSED_FUNCTION = YES;
				GCC_WARN_UNUSED_VARIABLE = YES;
				IPHONEOS_DEPLOYMENT_TARGET = 9.3;
				MTL_ENABLE_DEBUG_INFO = NO;
				SDKROOT = iphoneos;
				VALIDATE_PRODUCT = YES;
			};
			name = Release;
		};
		9BF4C8351D88289D004BD957 /* Debug */ = {
			isa = XCBuildConfiguration;
			buildSettings = {
				ASSETCATALOG_COMPILER_APPICON_NAME = AppIcon;
				INFOPLIST_FILE = facebook_api/Info.plist;
				LD_RUNPATH_SEARCH_PATHS = "$(inherited) @executable_path/Frameworks";
				PRODUCT_BUNDLE_IDENTIFIER = "com.sunnyleeyun.facebook-api";
				PRODUCT_NAME = "$(TARGET_NAME)";
			};
			name = Debug;
		};
		9BF4C8361D88289D004BD957 /* Release */ = {
			isa = XCBuildConfiguration;
			buildSettings = {
				ASSETCATALOG_COMPILER_APPICON_NAME = AppIcon;
				INFOPLIST_FILE = facebook_api/Info.plist;
				LD_RUNPATH_SEARCH_PATHS = "$(inherited) @executable_path/Frameworks";
				PRODUCT_BUNDLE_IDENTIFIER = "com.sunnyleeyun.facebook-api";
				PRODUCT_NAME = "$(TARGET_NAME)";
			};
			name = Release;
		};
/* End XCBuildConfiguration section */

/* Begin XCConfigurationList section */
		9BF4C81D1D88289D004BD957 /* Build configuration list for PBXProject "facebook_api" */ = {
			isa = XCConfigurationList;
			buildConfigurations = (
				9BF4C8321D88289D004BD957 /* Debug */,
				9BF4C8331D88289D004BD957 /* Release */,
			);
			defaultConfigurationIsVisible = 0;
			defaultConfigurationName = Release;
		};
		9BF4C8341D88289D004BD957 /* Build configuration list for PBXNativeTarget "facebook_api" */ = {
			isa = XCConfigurationList;
			buildConfigurations = (
				9BF4C8351D88289D004BD957 /* Debug */,
				9BF4C8361D88289D004BD957 /* Release */,
			);
			defaultConfigurationIsVisible = 0;
		};
/* End XCConfigurationList section */
	};
	rootObject = 9BF4C81A1D88289D004BD957 /* Project object */;
}
